Microsoft Visual Studio Solution File, Format Version 12.00
# Visual Studio Version 17
VisualStudioVersion = 17.5.2.0
MinimumVisualStudioVersion = 10.0.40219.1
Project("{2150E333-8FDC-42A3-9474-1A3956D46DE8}") = "Ch02", "Ch02", "{677D64FB-FE3E-43F8-F6F3-4743499BDECE}"
EndProject
Project("{2150E333-8FDC-42A3-9474-1A3956D46DE8}") = "Ch03", "Ch03", "{2D5661D4-49B1-820B-367E-C52D451A059D}"
EndProject
Project("{2150E333-8FDC-42A3-9474-1A3956D46DE8}") = "FinishedExamples", "FinishedExamples", "{A2B10C1B-2284-FE24-7EC9-A737C019FFE7}"
EndProject
Project("{2150E333-8FDC-42A3-9474-1A3956D46DE8}") = "02_02", "02_02", "{B5FF46D6-6A26-084F-54F7-506BB9C2DC90}"
EndProject
Project("{FAE04EC0-301F-11D3-BF4B-00C04F79EFBC}") = "BasicInterfaces", "Ch02\02_02\BasicInterfaces\BasicInterfaces.csproj", "{95372BE2-9023-3DE2-454B-73B376C55231}"
EndProject
Project("{2150E333-8FDC-42A3-9474-1A3956D46DE8}") = "02_03", "02_03", "{C47F1D69-2384-5122-0452-BC47154BDAB0}"
EndProject
Project("{FAE04EC0-301F-11D3-BF4B-00C04F79EFBC}") = "CastingInterfaces", "Ch02\02_03\CastingInterfaces\CastingInterfaces.csproj", "{57C768A9-A3F9-5708-389B-CAE09482008D}"
EndProject
Project("{2150E333-8FDC-42A3-9474-1A3956D46DE8}") = "02_04", "02_04", "{6D8A007E-250B-0A3C-5423-6EE3376C6F6D}"
EndProject
Project("{FAE04EC0-301F-11D3-BF4B-00C04F79EFBC}") = "MultipleInterfaces", "Ch02\02_04\MultipleInterfaces\MultipleInterfaces.csproj", "{B45CF65A-D2F0-2A5E-F540-CC35FE2AED1D}"
EndProject
Project("{2150E333-8FDC-42A3-9474-1A3956D46DE8}") = "02_05", "02_05", "{968BDA5C-0B5D-E5C6-C3D2-DC51FE4EEC5F}"
EndProject
Project("{FAE04EC0-301F-11D3-BF4B-00C04F79EFBC}") = "ExplicitInterfaces", "Ch02\02_05\ExplicitInterfaces\ExplicitInterfaces.csproj", "{7C19E828-A748-E16B-02FA-405E2BB26164}"
EndProject
Project("{2150E333-8FDC-42A3-9474-1A3956D46DE8}") = "02_06", "02_06", "{E744B90F-D437-4F03-3650-C526ACB8A583}"
EndProject
Project("{FAE04EC0-301F-11D3-BF4B-00C04F79EFBC}") = "NETInterfaces", "Ch02\02_06\NETInterfaces\NETInterfaces.csproj", "{3DA0D883-DD64-CF84-67E4-1A423BB613A2}"
EndProject
Project("{2150E333-8FDC-42A3-9474-1A3956D46DE8}") = "02_08", "02_08", "{2232B765-7786-D7F9-8BCF-6C078D365463}"
EndProject
Project("{FAE04EC0-301F-11D3-BF4B-00C04F79EFBC}") = "IntfChallengeSolution", "Ch02\02_08\IntfChallengeSolution\IntfChallengeSolution.csproj", "{CD0E2D56-5BF7-2F84-12EC-7560FC641652}"
EndProject
Project("{2150E333-8FDC-42A3-9474-1A3956D46DE8}") = "03_01", "03_01", "{686FFDF7-AA84-4F89-1E18-A0FC1FE6FA25}"
EndProject
Project("{FAE04EC0-301F-11D3-BF4B-00C04F79EFBC}") = "IntroGenerics", "Ch03\03_01\IntroGenerics\IntroGenerics.csproj", "{986A94FF-49CE-3996-446E-9ADDA5D64776}"
EndProject
Project("{2150E333-8FDC-42A3-9474-1A3956D46DE8}") = "03_02", "03_02", "{A896D51E-6492-39D9-BE36-812D0F583505}"
EndProject
Project("{FAE04EC0-301F-11D3-BF4B-00C04F79EFBC}") = "GenericList", "Ch03\03_02\GenericList\GenericList.csproj", "{1FD2168E-E3C0-CFAE-7DEB-0C5F8E647CB4}"
EndProject
Project("{2150E333-8FDC-42A3-9474-1A3956D46DE8}") = "03_03", "03_03", "{C3B38139-5261-5BEB-A434-CD2AF20C09F0}"
EndProject
Project("{FAE04EC0-301F-11D3-BF4B-00C04F79EFBC}") = "StacksQueues", "Ch03\03_03\StacksQueues\StacksQueues.csproj", "{F6D5DD87-8F6F-EA3F-4EF6-AA61171EEF70}"
EndProject
Project("{2150E333-8FDC-42A3-9474-1A3956D46DE8}") = "03_04", "03_04", "{C2D7811B-1AC0-8C9B-DDE8-0F488E68E842}"
EndProject
Project("{FAE04EC0-301F-11D3-BF4B-00C04F79EFBC}") = "Dictionaries", "Ch03\03_04\Dictionaries\Dictionaries.csproj", "{ABA4B8A6-3B91-687E-26DD-B01736CDC8A4}"
EndProject
Project("{2150E333-8FDC-42A3-9474-1A3956D46DE8}") = "03_05", "03_05", "{FCD7F5B9-9590-3E7B-7BE9-4BF4117CAED8}"
EndProject
Project("{FAE04EC0-301F-11D3-BF4B-00C04F79EFBC}") = "GenChallengeSolution", "Ch03\03_05\GenChallengeSolution\GenChallengeSolution.csproj", "{DFBF96CC-0BB7-4424-7924-0FC2B05D70A1}"
EndProject
Project("{2150E333-8FDC-42A3-9474-1A3956D46DE8}") = "03_06", "03_06", "{F519D0E6-6962-8073-4F98-ACE97DBF24BD}"
EndProject
Project("{FAE04EC0-301F-11D3-BF4B-00C04F79EFBC}") = "GenChallengeSolution", "Ch03\03_06\GenChallengeSolution\GenChallengeSolution.csproj", "{C319728C-83DB-9887-4595-1056E4AA7AE3}"
EndProject
Project("{2150E333-8FDC-42A3-9474-1A3956D46DE8}") = "Ch02", "Ch02", "{8A5ECB17-8850-E2B3-6744-46A705B64891}"
EndProject
Project("{2150E333-8FDC-42A3-9474-1A3956D46DE8}") = "02_02", "02_02", "{458AFD41-68AA-2963-F821-C4C2B44E8B71}"
EndProject
Project("{FAE04EC0-301F-11D3-BF4B-00C04F79EFBC}") = "BasicInterfaces", "FinishedExamples\Ch02\02_02\BasicInterfaces\BasicInterfaces.csproj", "{5A0B245C-AB73-094E-3DCB-AB1A0CDF3046}"
EndProject
Project("{2150E333-8FDC-42A3-9474-1A3956D46DE8}") = "02_03", "02_03", "{67B130F2-2135-24A1-D3BE-8FAFFC205D71}"
EndProject
Project("{FAE04EC0-301F-11D3-BF4B-00C04F79EFBC}") = "CastingInterfaces", "FinishedExamples\Ch02\02_03\CastingInterfaces\CastingInterfaces.csproj", "{447EC5C0-06C6-1621-4B48-A5A011670A15}"
EndProject
Project("{2150E333-8FDC-42A3-9474-1A3956D46DE8}") = "02_04", "02_04", "{937C3DF8-8487-CA81-83E9-76B7DDB4B903}"
EndProject
Project("{FAE04EC0-301F-11D3-BF4B-00C04F79EFBC}") = "MultipleInterfaces", "FinishedExamples\Ch02\02_04\MultipleInterfaces\MultipleInterfaces.csproj", "{FD288CE8-90FF-A847-43FD-8AA0035730B1}"
EndProject
Project("{2150E333-8FDC-42A3-9474-1A3956D46DE8}") = "02_05", "02_05", "{AA1E7736-04FE-0B20-2386-85F2E5223D5E}"
EndProject
Project("{FAE04EC0-301F-11D3-BF4B-00C04F79EFBC}") = "ExplicitInterfaces", "FinishedExamples\Ch02\02_05\ExplicitInterfaces\ExplicitInterfaces.csproj", "{978D3634-DDB7-0CE2-9CF1-B8AFF7BF3770}"
EndProject
Project("{2150E333-8FDC-42A3-9474-1A3956D46DE8}") = "02_06", "02_06", "{A3A7DC9E-739D-DA84-7F5F-F1F10779AA00}"
EndProject
Project("{FAE04EC0-301F-11D3-BF4B-00C04F79EFBC}") = "NETInterfaces", "FinishedExamples\Ch02\02_06\NETInterfaces\NETInterfaces.csproj", "{16A87BDD-1278-6D59-D1B2-CF6B87F1BA12}"
EndProject
Project("{2150E333-8FDC-42A3-9474-1A3956D46DE8}") = "02_08", "02_08", "{04F66F59-D980-3814-7A3D-338FF7B07616}"
EndProject
Project("{FAE04EC0-301F-11D3-BF4B-00C04F79EFBC}") = "IntfChallengeSolution", "FinishedExamples\Ch02\02_08\IntfChallengeSolution\IntfChallengeSolution.csproj", "{505FFE7F-3D09-ACC0-E6DB-1E14D2543FF8}"
EndProject
Project("{2150E333-8FDC-42A3-9474-1A3956D46DE8}") = "Ch03", "Ch03", "{AD7B3D4C-7F3E-4510-4BBA-9E6F768B6186}"
EndProject
Project("{2150E333-8FDC-42A3-9474-1A3956D46DE8}") = "03_01", "03_01", "{102E54AD-CABB-51C0-C00C-8EB761B3D833}"
EndProject
Project("{FAE04EC0-301F-11D3-BF4B-00C04F79EFBC}") = "IntroGenerics", "FinishedExamples\Ch03\03_01\IntroGenerics\IntroGenerics.csproj", "{73A678FA-7917-A6E4-53D0-4381DF33B23F}"
EndProject
Project("{2150E333-8FDC-42A3-9474-1A3956D46DE8}") = "03_02", "03_02", "{5E07D106-55AE-9F7E-387C-1425CCBC3C38}"
EndProject
Project("{FAE04EC0-301F-11D3-BF4B-00C04F79EFBC}") = "GenericList", "FinishedExamples\Ch03\03_02\GenericList\GenericList.csproj", "{13E2A349-A593-19F8-BFD7-CE546966689B}"
EndProject
Project("{2150E333-8FDC-42A3-9474-1A3956D46DE8}") = "03_03", "03_03", "{C98633B6-5B90-D8E9-92F4-D5252382F0A3}"
EndProject
Project("{FAE04EC0-301F-11D3-BF4B-00C04F79EFBC}") = "StacksQueues", "FinishedExamples\Ch03\03_03\StacksQueues\StacksQueues.csproj", "{2D9B98E9-69DE-BBB4-739B-981A0391CEE9}"
EndProject
Project("{2150E333-8FDC-42A3-9474-1A3956D46DE8}") = "03_04", "03_04", "{D58D5C80-02A0-F3D1-6C13-73246359805F}"
EndProject
Project("{FAE04EC0-301F-11D3-BF4B-00C04F79EFBC}") = "Dictionaries", "FinishedExamples\Ch03\03_04\Dictionaries\Dictionaries.csproj", "{09FFCFB8-B640-DAE0-720D-4BC3E3050DA9}"
EndProject
Project("{2150E333-8FDC-42A3-9474-1A3956D46DE8}") = "03_06", "03_06", "{C614DEFA-ADC3-D638-27BC-6BBA8F6F0CE3}"
EndProject
Project("{FAE04EC0-301F-11D3-BF4B-00C04F79EFBC}") = "GenChallengeSolution", "FinishedExamples\Ch03\03_06\GenChallengeSolution\GenChallengeSolution.csproj", "{F2878954-4349-2A4B-0C8D-65040915C881}"
EndProject
Global
	GlobalSection(SolutionConfigurationPlatforms) = preSolution
		Debug|Any CPU = Debug|Any CPU
		Release|Any CPU = Release|Any CPU
	EndGlobalSection
	GlobalSection(ProjectConfigurationPlatforms) = postSolution
		{95372BE2-9023-3DE2-454B-73B376C55231}.Debug|Any CPU.ActiveCfg = Debug|Any CPU
		{95372BE2-9023-3DE2-454B-73B376C55231}.Debug|Any CPU.Build.0 = Debug|Any CPU
		{95372BE2-9023-3DE2-454B-73B376C55231}.Release|Any CPU.ActiveCfg = Release|Any CPU
		{95372BE2-9023-3DE2-454B-73B376C55231}.Release|Any CPU.Build.0 = Release|Any CPU
		{57C768A9-A3F9-5708-389B-CAE09482008D}.Debug|Any CPU.ActiveCfg = Debug|Any CPU
		{57C768A9-A3F9-5708-389B-CAE09482008D}.Debug|Any CPU.Build.0 = Debug|Any CPU
		{57C768A9-A3F9-5708-389B-CAE09482008D}.Release|Any CPU.ActiveCfg = Release|Any CPU
		{57C768A9-A3F9-5708-389B-CAE09482008D}.Release|Any CPU.Build.0 = Release|Any CPU
		{B45CF65A-D2F0-2A5E-F540-CC35FE2AED1D}.Debug|Any CPU.ActiveCfg = Debug|Any CPU
		{B45CF65A-D2F0-2A5E-F540-CC35FE2AED1D}.Debug|Any CPU.Build.0 = Debug|Any CPU
		{B45CF65A-D2F0-2A5E-F540-CC35FE2AED1D}.Release|Any CPU.ActiveCfg = Release|Any CPU
		{B45CF65A-D2F0-2A5E-F540-CC35FE2AED1D}.Release|Any CPU.Build.0 = Release|Any CPU
		{7C19E828-A748-E16B-02FA-405E2BB26164}.Debug|Any CPU.ActiveCfg = Debug|Any CPU
		{7C19E828-A748-E16B-02FA-405E2BB26164}.Debug|Any CPU.Build.0 = Debug|Any CPU
		{7C19E828-A748-E16B-02FA-405E2BB26164}.Release|Any CPU.ActiveCfg = Release|Any CPU
		{7C19E828-A748-E16B-02FA-405E2BB26164}.Release|Any CPU.Build.0 = Release|Any CPU
		{3DA0D883-DD64-CF84-67E4-1A423BB613A2}.Debug|Any CPU.ActiveCfg = Debug|Any CPU
		{3DA0D883-DD64-CF84-67E4-1A423BB613A2}.Debug|Any CPU.Build.0 = Debug|Any CPU
		{3DA0D883-DD64-CF84-67E4-1A423BB613A2}.Release|Any CPU.ActiveCfg = Release|Any CPU
		{3DA0D883-DD64-CF84-67E4-1A423BB613A2}.Release|Any CPU.Build.0 = Release|Any CPU
		{CD0E2D56-5BF7-2F84-12EC-7560FC641652}.Debug|Any CPU.ActiveCfg = Debug|Any CPU
		{CD0E2D56-5BF7-2F84-12EC-7560FC641652}.Debug|Any CPU.Build.0 = Debug|Any CPU
		{CD0E2D56-5BF7-2F84-12EC-7560FC641652}.Release|Any CPU.ActiveCfg = Release|Any CPU
		{CD0E2D56-5BF7-2F84-12EC-7560FC641652}.Release|Any CPU.Build.0 = Release|Any CPU
		{986A94FF-49CE-3996-446E-9ADDA5D64776}.Debug|Any CPU.ActiveCfg = Debug|Any CPU
		{986A94FF-49CE-3996-446E-9ADDA5D64776}.Debug|Any CPU.Build.0 = Debug|Any CPU
		{986A94FF-49CE-3996-446E-9ADDA5D64776}.Release|Any CPU.ActiveCfg = Release|Any CPU
		{986A94FF-49CE-3996-446E-9ADDA5D64776}.Release|Any CPU.Build.0 = Release|Any CPU
		{1FD2168E-E3C0-CFAE-7DEB-0C5F8E647CB4}.Debug|Any CPU.ActiveCfg = Debug|Any CPU
		{1FD2168E-E3C0-CFAE-7DEB-0C5F8E647CB4}.Debug|Any CPU.Build.0 = Debug|Any CPU
		{1FD2168E-E3C0-CFAE-7DEB-0C5F8E647CB4}.Release|Any CPU.ActiveCfg = Release|Any CPU
		{1FD2168E-E3C0-CFAE-7DEB-0C5F8E647CB4}.Release|Any CPU.Build.0 = Release|Any CPU
		{F6D5DD87-8F6F-EA3F-4EF6-AA61171EEF70}.Debug|Any CPU.ActiveCfg = Debug|Any CPU
		{F6D5DD87-8F6F-EA3F-4EF6-AA61171EEF70}.Debug|Any CPU.Build.0 = Debug|Any CPU
		{F6D5DD87-8F6F-EA3F-4EF6-AA61171EEF70}.Release|Any CPU.ActiveCfg = Release|Any CPU
		{F6D5DD87-8F6F-EA3F-4EF6-AA61171EEF70}.Release|Any CPU.Build.0 = Release|Any CPU
		{ABA4B8A6-3B91-687E-26DD-B01736CDC8A4}.Debug|Any CPU.ActiveCfg = Debug|Any CPU
		{ABA4B8A6-3B91-687E-26DD-B01736CDC8A4}.Debug|Any CPU.Build.0 = Debug|Any CPU
		{ABA4B8A6-3B91-687E-26DD-B01736CDC8A4}.Release|Any CPU.ActiveCfg = Release|Any CPU
		{ABA4B8A6-3B91-687E-26DD-B01736CDC8A4}.Release|Any CPU.Build.0 = Release|Any CPU
		{DFBF96CC-0BB7-4424-7924-0FC2B05D70A1}.Debug|Any CPU.ActiveCfg = Debug|Any CPU
		{DFBF96CC-0BB7-4424-7924-0FC2B05D70A1}.Debug|Any CPU.Build.0 = Debug|Any CPU
		{DFBF96CC-0BB7-4424-7924-0FC2B05D70A1}.Release|Any CPU.ActiveCfg = Release|Any CPU
		{DFBF96CC-0BB7-4424-7924-0FC2B05D70A1}.Release|Any CPU.Build.0 = Release|Any CPU
		{C319728C-83DB-9887-4595-1056E4AA7AE3}.Debug|Any CPU.ActiveCfg = Debug|Any CPU
		{C319728C-83DB-9887-4595-1056E4AA7AE3}.Debug|Any CPU.Build.0 = Debug|Any CPU
		{C319728C-83DB-9887-4595-1056E4AA7AE3}.Release|Any CPU.ActiveCfg = Release|Any CPU
		{C319728C-83DB-9887-4595-1056E4AA7AE3}.Release|Any CPU.Build.0 = Release|Any CPU
		{5A0B245C-AB73-094E-3DCB-AB1A0CDF3046}.Debug|Any CPU.ActiveCfg = Debug|Any CPU
		{5A0B245C-AB73-094E-3DCB-AB1A0CDF3046}.Debug|Any CPU.Build.0 = Debug|Any CPU
		{5A0B245C-AB73-094E-3DCB-AB1A0CDF3046}.Release|Any CPU.ActiveCfg = Release|Any CPU
		{5A0B245C-AB73-094E-3DCB-AB1A0CDF3046}.Release|Any CPU.Build.0 = Release|Any CPU
		{447EC5C0-06C6-1621-4B48-A5A011670A15}.Debug|Any CPU.ActiveCfg = Debug|Any CPU
		{447EC5C0-06C6-1621-4B48-A5A011670A15}.Debug|Any CPU.Build.0 = Debug|Any CPU
		{447EC5C0-06C6-1621-4B48-A5A011670A15}.Release|Any CPU.ActiveCfg = Release|Any CPU
		{447EC5C0-06C6-1621-4B48-A5A011670A15}.Release|Any CPU.Build.0 = Release|Any CPU
		{FD288CE8-90FF-A847-43FD-8AA0035730B1}.Debug|Any CPU.ActiveCfg = Debug|Any CPU
		{FD288CE8-90FF-A847-43FD-8AA0035730B1}.Debug|Any CPU.Build.0 = Debug|Any CPU
		{FD288CE8-90FF-A847-43FD-8AA0035730B1}.Release|Any CPU.ActiveCfg = Release|Any CPU
		{FD288CE8-90FF-A847-43FD-8AA0035730B1}.Release|Any CPU.Build.0 = Release|Any CPU
		{978D3634-DDB7-0CE2-9CF1-B8AFF7BF3770}.Debug|Any CPU.ActiveCfg = Debug|Any CPU
		{978D3634-DDB7-0CE2-9CF1-B8AFF7BF3770}.Debug|Any CPU.Build.0 = Debug|Any CPU
		{978D3634-DDB7-0CE2-9CF1-B8AFF7BF3770}.Release|Any CPU.ActiveCfg = Release|Any CPU
		{978D3634-DDB7-0CE2-9CF1-B8AFF7BF3770}.Release|Any CPU.Build.0 = Release|Any CPU
		{16A87BDD-1278-6D59-D1B2-CF6B87F1BA12}.Debug|Any CPU.ActiveCfg = Debug|Any CPU
		{16A87BDD-1278-6D59-D1B2-CF6B87F1BA12}.Debug|Any CPU.Build.0 = Debug|Any CPU
		{16A87BDD-1278-6D59-D1B2-CF6B87F1BA12}.Release|Any CPU.ActiveCfg = Release|Any CPU
		{16A87BDD-1278-6D59-D1B2-CF6B87F1BA12}.Release|Any CPU.Build.0 = Release|Any CPU
		{505FFE7F-3D09-ACC0-E6DB-1E14D2543FF8}.Debug|Any CPU.ActiveCfg = Debug|Any CPU
		{505FFE7F-3D09-ACC0-E6DB-1E14D2543FF8}.Debug|Any CPU.Build.0 = Debug|Any CPU
		{505FFE7F-3D09-ACC0-E6DB-1E14D2543FF8}.Release|Any CPU.ActiveCfg = Release|Any CPU
		{505FFE7F-3D09-ACC0-E6DB-1E14D2543FF8}.Release|Any CPU.Build.0 = Release|Any CPU
		{73A678FA-7917-A6E4-53D0-4381DF33B23F}.Debug|Any CPU.ActiveCfg = Debug|Any CPU
		{73A678FA-7917-A6E4-53D0-4381DF33B23F}.Debug|Any CPU.Build.0 = Debug|Any CPU
		{73A678FA-7917-A6E4-53D0-4381DF33B23F}.Release|Any CPU.ActiveCfg = Release|Any CPU
		{73A678FA-7917-A6E4-53D0-4381DF33B23F}.Release|Any CPU.Build.0 = Release|Any CPU
		{13E2A349-A593-19F8-BFD7-CE546966689B}.Debug|Any CPU.ActiveCfg = Debug|Any CPU
		{13E2A349-A593-19F8-BFD7-CE546966689B}.Debug|Any CPU.Build.0 = Debug|Any CPU
		{13E2A349-A593-19F8-BFD7-CE546966689B}.Release|Any CPU.ActiveCfg = Release|Any CPU
		{13E2A349-A593-19F8-BFD7-CE546966689B}.Release|Any CPU.Build.0 = Release|Any CPU
		{2D9B98E9-69DE-BBB4-739B-981A0391CEE9}.Debug|Any CPU.ActiveCfg = Debug|Any CPU
		{2D9B98E9-69DE-BBB4-739B-981A0391CEE9}.Debug|Any CPU.Build.0 = Debug|Any CPU
		{2D9B98E9-69DE-BBB4-739B-981A0391CEE9}.Release|Any CPU.ActiveCfg = Release|Any CPU
		{2D9B98E9-69DE-BBB4-739B-981A0391CEE9}.Release|Any CPU.Build.0 = Release|Any CPU
		{09FFCFB8-B640-DAE0-720D-4BC3E3050DA9}.Debug|Any CPU.ActiveCfg = Debug|Any CPU
		{09FFCFB8-B640-DAE0-720D-4BC3E3050DA9}.Debug|Any CPU.Build.0 = Debug|Any CPU
		{09FFCFB8-B640-DAE0-720D-4BC3E3050DA9}.Release|Any CPU.ActiveCfg = Release|Any CPU
		{09FFCFB8-B640-DAE0-720D-4BC3E3050DA9}.Release|Any CPU.Build.0 = Release|Any CPU
		{F2878954-4349-2A4B-0C8D-65040915C881}.Debug|Any CPU.ActiveCfg = Debug|Any CPU
		{F2878954-4349-2A4B-0C8D-65040915C881}.Debug|Any CPU.Build.0 = Debug|Any CPU
		{F2878954-4349-2A4B-0C8D-65040915C881}.Release|Any CPU.ActiveCfg = Release|Any CPU
		{F2878954-4349-2A4B-0C8D-65040915C881}.Release|Any CPU.Build.0 = Release|Any CPU
	EndGlobalSection
	GlobalSection(SolutionProperties) = preSolution
		HideSolutionNode = FALSE
	EndGlobalSection
	GlobalSection(NestedProjects) = preSolution
		{B5FF46D6-6A26-084F-54F7-506BB9C2DC90} = {677D64FB-FE3E-43F8-F6F3-4743499BDECE}
		{95372BE2-9023-3DE2-454B-73B376C55231} = {B5FF46D6-6A26-084F-54F7-506BB9C2DC90}
		{C47F1D69-2384-5122-0452-BC47154BDAB0} = {677D64FB-FE3E-43F8-F6F3-4743499BDECE}
		{57C768A9-A3F9-5708-389B-CAE09482008D} = {C47F1D69-2384-5122-0452-BC47154BDAB0}
		{6D8A007E-250B-0A3C-5423-6EE3376C6F6D} = {677D64FB-FE3E-43F8-F6F3-4743499BDECE}
		{B45CF65A-D2F0-2A5E-F540-CC35FE2AED1D} = {6D8A007E-250B-0A3C-5423-6EE3376C6F6D}
		{968BDA5C-0B5D-E5C6-C3D2-DC51FE4EEC5F} = {677D64FB-FE3E-43F8-F6F3-4743499BDECE}
		{7C19E828-A748-E16B-02FA-405E2BB26164} = {968BDA5C-0B5D-E5C6-C3D2-DC51FE4EEC5F}
		{E744B90F-D437-4F03-3650-C526ACB8A583} = {677D64FB-FE3E-43F8-F6F3-4743499BDECE}
		{3DA0D883-DD64-CF84-67E4-1A423BB613A2} = {E744B90F-D437-4F03-3650-C526ACB8A583}
		{2232B765-7786-D7F9-8BCF-6C078D365463} = {677D64FB-FE3E-43F8-F6F3-4743499BDECE}
		{CD0E2D56-5BF7-2F84-12EC-7560FC641652} = {2232B765-7786-D7F9-8BCF-6C078D365463}
		{686FFDF7-AA84-4F89-1E18-A0FC1FE6FA25} = {2D5661D4-49B1-820B-367E-C52D451A059D}
		{986A94FF-49CE-3996-446E-9ADDA5D64776} = {686FFDF7-AA84-4F89-1E18-A0FC1FE6FA25}
		{A896D51E-6492-39D9-BE36-812D0F583505} = {2D5661D4-49B1-820B-367E-C52D451A059D}
		{1FD2168E-E3C0-CFAE-7DEB-0C5F8E647CB4} = {A896D51E-6492-39D9-BE36-812D0F583505}
		{C3B38139-5261-5BEB-A434-CD2AF20C09F0} = {2D5661D4-49B1-820B-367E-C52D451A059D}
		{F6D5DD87-8F6F-EA3F-4EF6-AA61171EEF70} = {C3B38139-5261-5BEB-A434-CD2AF20C09F0}
		{C2D7811B-1AC0-8C9B-DDE8-0F488E68E842} = {2D5661D4-49B1-820B-367E-C52D451A059D}
		{ABA4B8A6-3B91-687E-26DD-B01736CDC8A4} = {C2D7811B-1AC0-8C9B-DDE8-0F488E68E842}
		{FCD7F5B9-9590-3E7B-7BE9-4BF4117CAED8} = {2D5661D4-49B1-820B-367E-C52D451A059D}
		{DFBF96CC-0BB7-4424-7924-0FC2B05D70A1} = {FCD7F5B9-9590-3E7B-7BE9-4BF4117CAED8}
		{F519D0E6-6962-8073-4F98-ACE97DBF24BD} = {2D5661D4-49B1-820B-367E-C52D451A059D}
		{C319728C-83DB-9887-4595-1056E4AA7AE3} = {F519D0E6-6962-8073-4F98-ACE97DBF24BD}
		{8A5ECB17-8850-E2B3-6744-46A705B64891} = {A2B10C1B-2284-FE24-7EC9-A737C019FFE7}
		{458AFD41-68AA-2963-F821-C4C2B44E8B71} = {8A5ECB17-8850-E2B3-6744-46A705B64891}
		{5A0B245C-AB73-094E-3DCB-AB1A0CDF3046} = {458AFD41-68AA-2963-F821-C4C2B44E8B71}
		{67B130F2-2135-24A1-D3BE-8FAFFC205D71} = {8A5ECB17-8850-E2B3-6744-46A705B64891}
		{447EC5C0-06C6-1621-4B48-A5A011670A15} = {67B130F2-2135-24A1-D3BE-8FAFFC205D71}
		{937C3DF8-8487-CA81-83E9-76B7DDB4B903} = {8A5ECB17-8850-E2B3-6744-46A705B64891}
		{FD288CE8-90FF-A847-43FD-8AA0035730B1} = {937C3DF8-8487-CA81-83E9-76B7DDB4B903}
		{AA1E7736-04FE-0B20-2386-85F2E5223D5E} = {8A5ECB17-8850-E2B3-6744-46A705B64891}
		{978D3634-DDB7-0CE2-9CF1-B8AFF7BF3770} = {AA1E7736-04FE-0B20-2386-85F2E5223D5E}
		{A3A7DC9E-739D-DA84-7F5F-F1F10779AA00} = {8A5ECB17-8850-E2B3-6744-46A705B64891}
		{16A87BDD-1278-6D59-D1B2-CF6B87F1BA12} = {A3A7DC9E-739D-DA84-7F5F-F1F10779AA00}
		{04F66F59-D980-3814-7A3D-338FF7B07616} = {8A5ECB17-8850-E2B3-6744-46A705B64891}
		{505FFE7F-3D09-ACC0-E6DB-1E14D2543FF8} = {04F66F59-D980-3814-7A3D-338FF7B07616}
		{AD7B3D4C-7F3E-4510-4BBA-9E6F768B6186} = {A2B10C1B-2284-FE24-7EC9-A737C019FFE7}
		{102E54AD-CABB-51C0-C00C-8EB761B3D833} = {AD7B3D4C-7F3E-4510-4BBA-9E6F768B6186}
		{73A678FA-7917-A6E4-53D0-4381DF33B23F} = {102E54AD-CABB-51C0-C00C-8EB761B3D833}
		{5E07D106-55AE-9F7E-387C-1425CCBC3C38} = {AD7B3D4C-7F3E-4510-4BBA-9E6F768B6186}
		{13E2A349-A593-19F8-BFD7-CE546966689B} = {5E07D106-55AE-9F7E-387C-1425CCBC3C38}
		{C98633B6-5B90-D8E9-92F4-D5252382F0A3} = {AD7B3D4C-7F3E-4510-4BBA-9E6F768B6186}
		{2D9B98E9-69DE-BBB4-739B-981A0391CEE9} = {C98633B6-5B90-D8E9-92F4-D5252382F0A3}
		{D58D5C80-02A0-F3D1-6C13-73246359805F} = {AD7B3D4C-7F3E-4510-4BBA-9E6F768B6186}
		{09FFCFB8-B640-DAE0-720D-4BC3E3050DA9} = {D58D5C80-02A0-F3D1-6C13-73246359805F}
		{C614DEFA-ADC3-D638-27BC-6BBA8F6F0CE3} = {AD7B3D4C-7F3E-4510-4BBA-9E6F768B6186}
		{F2878954-4349-2A4B-0C8D-65040915C881} = {C614DEFA-ADC3-D638-27BC-6BBA8F6F0CE3}
	EndGlobalSection
	GlobalSection(ExtensibilityGlobals) = postSolution
		SolutionGuid = {C273C260-D62A-4EA2-87FB-18942B884432}
	EndGlobalSection
EndGlobal
